
Microsoft Visual Studio Solution File, Format Version 12.00
# Visual Studio Version 17
VisualStudioVersion = 17.8.34330.188
MinimumVisualStudioVersion = 10.0.40219.1
Project("{FAE04EC0-301F-11D3-BF4B-00C04F79EFBC}") = "2_Bien_Kieudulieu_Nhapxuat", "2_Bien_Kieudulieu_Nhapxuat\2_Bien_Kieudulieu_Nhapxuat.csproj", "{EEBD12E4-C5EA-4A2D-BAE4-01C7185902EA}"
EndProject
Global
	GlobalSection(SolutionConfigurationPlatforms) = preSolution
		Debug|Any CPU = Debug|Any CPU
		Release|Any CPU = Release|Any CPU
	EndGlobalSection
	GlobalSection(ProjectConfigurationPlatforms) = postSolution
		{EEBD12E4-C5EA-4A2D-BAE4-01C7185902EA}.Debug|Any CPU.ActiveCfg = Debug|Any CPU
		{EEBD12E4-C5EA-4A2D-BAE4-01C7185902EA}.Debug|Any CPU.Build.0 = Debug|Any CPU
		{EEBD12E4-C5EA-4A2D-BAE4-01C7185902EA}.Release|Any CPU.ActiveCfg = Release|Any CPU
		{EEBD12E4-C5EA-4A2D-BAE4-01C7185902EA}.Release|Any CPU.Build.0 = Release|Any CPU
	EndGlobalSection
	GlobalSection(SolutionProperties) = preSolution
		HideSolutionNode = FALSE
	EndGlobalSection
	GlobalSection(ExtensibilityGlobals) = postSolution
		SolutionGuid = {7A079A46-65CC-4F23-B02F-E16495F227E7}
	EndGlobalSection
EndGlobal
